
Microsoft Visual Studio Solution File, Format Version 12.00
# Visual Studio 15
VisualStudioVersion = 15.0.28307.902
MinimumVisualStudioVersion = 10.0.40219.1
Project("{FAE04EC0-301F-11D3-BF4B-00C04F79EFBC}") = "APISPFX_UiL", "APISPFX_UiL\APISPFX_UiL.csproj", "{C3C1EFCD-680E-4D4B-8925-FC86CBC67722}"
EndProject
Project("{FAE04EC0-301F-11D3-BF4B-00C04F79EFBC}") = "APISPFX_MODEL", "APISPFX_MODEL\APISPFX_MODEL.csproj", "{8EF6F658-732B-44E1-A7DC-C436FCCFA5CD}"
EndProject
Project("{FAE04EC0-301F-11D3-BF4B-00C04F79EFBC}") = "APISPFX_DATA", "APISPFX_DATA\APISPFX_DATA.csproj", "{EF85F355-2EE1-4248-99E2-94B67ACBEA6D}"
EndProject
Project("{FAE04EC0-301F-11D3-BF4B-00C04F79EFBC}") = "APISPFX_SERVICE", "APISPFX_SERVICE\APISPFX_SERVICE.csproj", "{CC8F363D-46C9-4B17-BD3A-EFC279B8B4B6}"
EndProject
Global
	GlobalSection(SolutionConfigurationPlatforms) = preSolution
		Debug|Any CPU = Debug|Any CPU
		Release|Any CPU = Release|Any CPU
	EndGlobalSection
	GlobalSection(ProjectConfigurationPlatforms) = postSolution
		{C3C1EFCD-680E-4D4B-8925-FC86CBC67722}.Debug|Any CPU.ActiveCfg = Debug|Any CPU
		{C3C1EFCD-680E-4D4B-8925-FC86CBC67722}.Debug|Any CPU.Build.0 = Debug|Any CPU
		{C3C1EFCD-680E-4D4B-8925-FC86CBC67722}.Release|Any CPU.ActiveCfg = Release|Any CPU
		{C3C1EFCD-680E-4D4B-8925-FC86CBC67722}.Release|Any CPU.Build.0 = Release|Any CPU
		{8EF6F658-732B-44E1-A7DC-C436FCCFA5CD}.Debug|Any CPU.ActiveCfg = Debug|Any CPU
		{8EF6F658-732B-44E1-A7DC-C436FCCFA5CD}.Debug|Any CPU.Build.0 = Debug|Any CPU
		{8EF6F658-732B-44E1-A7DC-C436FCCFA5CD}.Release|Any CPU.ActiveCfg = Release|Any CPU
		{8EF6F658-732B-44E1-A7DC-C436FCCFA5CD}.Release|Any CPU.Build.0 = Release|Any CPU
		{EF85F355-2EE1-4248-99E2-94B67ACBEA6D}.Debug|Any CPU.ActiveCfg = Debug|Any CPU
		{EF85F355-2EE1-4248-99E2-94B67ACBEA6D}.Debug|Any CPU.Build.0 = Debug|Any CPU
		{EF85F355-2EE1-4248-99E2-94B67ACBEA6D}.Release|Any CPU.ActiveCfg = Release|Any CPU
		{EF85F355-2EE1-4248-99E2-94B67ACBEA6D}.Release|Any CPU.Build.0 = Release|Any CPU
		{CC8F363D-46C9-4B17-BD3A-EFC279B8B4B6}.Debug|Any CPU.ActiveCfg = Debug|Any CPU
		{CC8F363D-46C9-4B17-BD3A-EFC279B8B4B6}.Debug|Any CPU.Build.0 = Debug|Any CPU
		{CC8F363D-46C9-4B17-BD3A-EFC279B8B4B6}.Release|Any CPU.ActiveCfg = Release|Any CPU
		{CC8F363D-46C9-4B17-BD3A-EFC279B8B4B6}.Release|Any CPU.Build.0 = Release|Any CPU
	EndGlobalSection
	GlobalSection(SolutionProperties) = preSolution
		HideSolutionNode = FALSE
	EndGlobalSection
	GlobalSection(ExtensibilityGlobals) = postSolution
		SolutionGuid = {EB228824-CCE2-4FB4-8ABC-3D37F0394010}
	EndGlobalSection
EndGlobal
